// !$*UTF8*$!
{
	archiveVersion = 1;
	classes = {
	};
	objectVersion = 77;
	objects = {

/* Begin PBXBuildFile section */
		7A080FD52E378A400038CF0F /* Auth in Frameworks */ = {isa = PBXBuildFile; productRef = 7A080FD42E378A400038CF0F /* Auth */; };
		7A080FD72E378A400038CF0F /* PostgREST in Frameworks */ = {isa = PBXBuildFile; productRef = 7A080FD62E378A400038CF0F /* PostgREST */; };
		7A080FD92E378A400038CF0F /* Realtime in Frameworks */ = {isa = PBXBuildFile; productRef = 7A080FD82E378A400038CF0F /* Realtime */; };
		7A2EE7AA2E379098006F5FC9 /* Logging in Frameworks */ = {isa = PBXBuildFile; productRef = 7A2EE7A92E379098006F5FC9 /* Logging */; };
		7A2EE7AD2E37917A006F5FC9 /* Supabase in Frameworks */ = {isa = PBXBuildFile; productRef = 7A2EE7AC2E37917A006F5FC9 /* Supabase */; };
/* End PBXBuildFile section */

/* Begin PBXContainerItemProxy section */
		7A2B2F4B2E3DF31300F3C6C2 /* PBXContainerItemProxy */ = {
			isa = PBXContainerItemProxy;
			containerPortal = 7A8DEE592E2A6B120011DCE1 /* Project object */;
			proxyType = 1;
			remoteGlobalIDString = 7A8DEE602E2A6B120011DCE1;
			remoteInfo = BedSolution;
		};
/* End PBXContainerItemProxy section */

/* Begin PBXFileReference section */
		7A2B2F472E3DF31300F3C6C2 /* BedSolutionTests.xctest */ = {isa = PBXFileReference; explicitFileType = wrapper.cfbundle; includeInIndex = 0; path = BedSolutionTests.xctest; sourceTree = BUILT_PRODUCTS_DIR; };
		7A8DEE612E2A6B120011DCE1 /* BedSolution.app */ = {isa = PBXFileReference; explicitFileType = wrapper.application; includeInIndex = 0; path = BedSolution.app; sourceTree = BUILT_PRODUCTS_DIR; };
/* End PBXFileReference section */

/* Begin PBXFileSystemSynchronizedBuildFileExceptionSet section */
		7AA33B412E35BEE40084D881 /* Exceptions for "BedSolution" folder in "BedSolution" target */ = {
			isa = PBXFileSystemSynchronizedBuildFileExceptionSet;
			membershipExceptions = (
				Info.plist,
			);
			target = 7A8DEE602E2A6B120011DCE1 /* BedSolution */;
		};
/* End PBXFileSystemSynchronizedBuildFileExceptionSet section */

/* Begin PBXFileSystemSynchronizedRootGroup section */
		7A2B2F482E3DF31300F3C6C2 /* BedSolutionTests */ = {
			isa = PBXFileSystemSynchronizedRootGroup;
			path = BedSolutionTests;
			sourceTree = "<group>";
		};
		7A8DEE632E2A6B120011DCE1 /* BedSolution */ = {
			isa = PBXFileSystemSynchronizedRootGroup;
			exceptions = (
				7AA33B412E35BEE40084D881 /* Exceptions for "BedSolution" folder in "BedSolution" target */,
			);
			path = BedSolution;
			sourceTree = "<group>";
		};
/* End PBXFileSystemSynchronizedRootGroup section */

/* Begin PBXFrameworksBuildPhase section */
		7A2B2F442E3DF31300F3C6C2 /* Frameworks */ = {
			isa = PBXFrameworksBuildPhase;
			buildActionMask = 2147483647;
			files = (
			);
			runOnlyForDeploymentPostprocessing = 0;
		};
		7A8DEE5E2E2A6B120011DCE1 /* Frameworks */ = {
			isa = PBXFrameworksBuildPhase;
			buildActionMask = 2147483647;
			files = (
				7A2EE7AD2E37917A006F5FC9 /* Supabase in Frameworks */,
				7A080FD92E378A400038CF0F /* Realtime in Frameworks */,
				7A080FD72E378A400038CF0F /* PostgREST in Frameworks */,
				7A2EE7AA2E379098006F5FC9 /* Logging in Frameworks */,
				7A080FD52E378A400038CF0F /* Auth in Frameworks */,
			);
			runOnlyForDeploymentPostprocessing = 0;
		};
/* End PBXFrameworksBuildPhase section */

/* Begin PBXGroup section */
		7A8DEE582E2A6B120011DCE1 = {
			isa = PBXGroup;
			children = (
				7A8DEE632E2A6B120011DCE1 /* BedSolution */,
				7A2B2F482E3DF31300F3C6C2 /* BedSolutionTests */,
				7A8DEE622E2A6B120011DCE1 /* Products */,
			);
			sourceTree = "<group>";
		};
		7A8DEE622E2A6B120011DCE1 /* Products */ = {
			isa = PBXGroup;
			children = (
				7A8DEE612E2A6B120011DCE1 /* BedSolution.app */,
				7A2B2F472E3DF31300F3C6C2 /* BedSolutionTests.xctest */,
			);
			name = Products;
			sourceTree = "<group>";
		};
/* End PBXGroup section */

/* Begin PBXNativeTarget section */
		7A2B2F462E3DF31300F3C6C2 /* BedSolutionTests */ = {
			isa = PBXNativeTarget;
			buildConfigurationList = 7A2B2F4D2E3DF31300F3C6C2 /* Build configuration list for PBXNativeTarget "BedSolutionTests" */;
			buildPhases = (
				7A2B2F432E3DF31300F3C6C2 /* Sources */,
				7A2B2F442E3DF31300F3C6C2 /* Frameworks */,
				7A2B2F452E3DF31300F3C6C2 /* Resources */,
			);
			buildRules = (
			);
			dependencies = (
				7A2B2F4C2E3DF31300F3C6C2 /* PBXTargetDependency */,
			);
			fileSystemSynchronizedGroups = (
				7A2B2F482E3DF31300F3C6C2 /* BedSolutionTests */,
			);
			name = BedSolutionTests;
			packageProductDependencies = (
			);
			productName = BedSolutionTests;
			productReference = 7A2B2F472E3DF31300F3C6C2 /* BedSolutionTests.xctest */;
			productType = "com.apple.product-type.bundle.unit-test";
		};
		7A8DEE602E2A6B120011DCE1 /* BedSolution */ = {
			isa = PBXNativeTarget;
			buildConfigurationList = 7A8DEE6C2E2A6B120011DCE1 /* Build configuration list for PBXNativeTarget "BedSolution" */;
			buildPhases = (
				7A8DEE5D2E2A6B120011DCE1 /* Sources */,
				7A8DEE5E2E2A6B120011DCE1 /* Frameworks */,
				7A8DEE5F2E2A6B120011DCE1 /* Resources */,
			);
			buildRules = (
			);
			dependencies = (
			);
			fileSystemSynchronizedGroups = (
				7A8DEE632E2A6B120011DCE1 /* BedSolution */,
			);
			name = BedSolution;
			packageProductDependencies = (
				7A080FD42E378A400038CF0F /* Auth */,
				7A080FD62E378A400038CF0F /* PostgREST */,
				7A080FD82E378A400038CF0F /* Realtime */,
				7A2EE7A92E379098006F5FC9 /* Logging */,
				7A2EE7AC2E37917A006F5FC9 /* Supabase */,
			);
			productName = BedSolution;
			productReference = 7A8DEE612E2A6B120011DCE1 /* BedSolution.app */;
			productType = "com.apple.product-type.application";
		};
/* End PBXNativeTarget section */

/* Begin PBXProject section */
		7A8DEE592E2A6B120011DCE1 /* Project object */ = {
			isa = PBXProject;
			attributes = {
				BuildIndependentTargetsInParallel = 1;
				LastSwiftUpdateCheck = 2600;
				LastUpgradeCheck = 2600;
				TargetAttributes = {
					7A2B2F462E3DF31300F3C6C2 = {
						CreatedOnToolsVersion = 26.0;
						TestTargetID = 7A8DEE602E2A6B120011DCE1;
					};
					7A8DEE602E2A6B120011DCE1 = {
						CreatedOnToolsVersion = 26.0;
					};
				};
			};
			buildConfigurationList = 7A8DEE5C2E2A6B120011DCE1 /* Build configuration list for PBXProject "BedSolution" */;
			developmentRegion = en;
			hasScannedForEncodings = 0;
			knownRegions = (
				en,
				Base,
			);
			mainGroup = 7A8DEE582E2A6B120011DCE1;
			minimizedProjectReferenceProxies = 1;
			packageReferences = (
				7A080FD32E378A400038CF0F /* XCRemoteSwiftPackageReference "supabase-swift" */,
				7A2EE7A82E379098006F5FC9 /* XCRemoteSwiftPackageReference "swift-log" */,
			);
			preferredProjectObjectVersion = 77;
			productRefGroup = 7A8DEE622E2A6B120011DCE1 /* Products */;
			projectDirPath = "";
			projectRoot = "";
			targets = (
				7A8DEE602E2A6B120011DCE1 /* BedSolution */,
				7A2B2F462E3DF31300F3C6C2 /* BedSolutionTests */,
			);
		};
/* End PBXProject section */

/* Begin PBXResourcesBuildPhase section */
		7A2B2F452E3DF31300F3C6C2 /* Resources */ = {
			isa = PBXResourcesBuildPhase;
			buildActionMask = 2147483647;
			files = (
			);
			runOnlyForDeploymentPostprocessing = 0;
		};
		7A8DEE5F2E2A6B120011DCE1 /* Resources */ = {
			isa = PBXResourcesBuildPhase;
			buildActionMask = 2147483647;
			files = (
			);
			runOnlyForDeploymentPostprocessing = 0;
		};
/* End PBXResourcesBuildPhase section */

/* Begin PBXSourcesBuildPhase section */
		7A2B2F432E3DF31300F3C6C2 /* Sources */ = {
			isa = PBXSourcesBuildPhase;
			buildActionMask = 2147483647;
			files = (
			);
			runOnlyForDeploymentPostprocessing = 0;
		};
		7A8DEE5D2E2A6B120011DCE1 /* Sources */ = {
			isa = PBXSourcesBuildPhase;
			buildActionMask = 2147483647;
			files = (
			);
			runOnlyForDeploymentPostprocessing = 0;
		};
/* End PBXSourcesBuildPhase section */

/* Begin PBXTargetDependency section */
		7A2B2F4C2E3DF31300F3C6C2 /* PBXTargetDependency */ = {
			isa = PBXTargetDependency;
			target = 7A8DEE602E2A6B120011DCE1 /* BedSolution */;
			targetProxy = 7A2B2F4B2E3DF31300F3C6C2 /* PBXContainerItemProxy */;
		};
/* End PBXTargetDependency section */

/* Begin XCBuildConfiguration section */
		7A2B2F4E2E3DF31300F3C6C2 /* Debug */ = {
			isa = XCBuildConfiguration;
			buildSettings = {
				BUNDLE_LOADER = "$(TEST_HOST)";
				CODE_SIGN_IDENTITY = "Apple Development";
				CODE_SIGN_STYLE = Automatic;
				CURRENT_PROJECT_VERSION = 1;
				DEVELOPMENT_TEAM = 88DQM3PTQR;
				GENERATE_INFOPLIST_FILE = YES;
				IPHONEOS_DEPLOYMENT_TARGET = 18.6;
				MARKETING_VERSION = 1.0;
				PRODUCT_BUNDLE_IDENTIFIER = com.github.iOTCapstoneDesign.BedSolutionTests;
				PRODUCT_NAME = "$(TARGET_NAME)";
				PROVISIONING_PROFILE_SPECIFIER = "";
				STRING_CATALOG_GENERATE_SYMBOLS = NO;
				SUPPORTED_PLATFORMS = "iphoneos iphonesimulator";
				SUPPORTS_MACCATALYST = NO;
				SUPPORTS_MAC_DESIGNED_FOR_IPHONE_IPAD = NO;
				SUPPORTS_XR_DESIGNED_FOR_IPHONE_IPAD = NO;
				SWIFT_APPROACHABLE_CONCURRENCY = YES;
				SWIFT_EMIT_LOC_STRINGS = NO;
				SWIFT_UPCOMING_FEATURE_MEMBER_IMPORT_VISIBILITY = YES;
				SWIFT_VERSION = 5.0;
				TARGETED_DEVICE_FAMILY = "1,2";
				TEST_HOST = "$(BUILT_PRODUCTS_DIR)/BedSolution.app/$(BUNDLE_EXECUTABLE_FOLDER_PATH)/BedSolution";
			};
			name = Debug;
		};
		7A2B2F4F2E3DF31300F3C6C2 /* Release */ = {
			isa = XCBuildConfiguration;
			buildSettings = {
				BUNDLE_LOADER = "$(TEST_HOST)";
				CODE_SIGN_IDENTITY = "Apple Development";
				CODE_SIGN_STYLE = Automatic;
				CURRENT_PROJECT_VERSION = 1;
				DEVELOPMENT_TEAM = 88DQM3PTQR;
				GENERATE_INFOPLIST_FILE = YES;
				IPHONEOS_DEPLOYMENT_TARGET = 18.6;
				MARKETING_VERSION = 1.0;
				PRODUCT_BUNDLE_IDENTIFIER = com.github.iOTCapstoneDesign.BedSolutionTests;
				PRODUCT_NAME = "$(TARGET_NAME)";
				PROVISIONING_PROFILE_SPECIFIER = "";
				STRING_CATALOG_GENERATE_SYMBOLS = NO;
				SUPPORTED_PLATFORMS = "iphoneos iphonesimulator";
				SUPPORTS_MACCATALYST = NO;
				SUPPORTS_MAC_DESIGNED_FOR_IPHONE_IPAD = NO;
				SUPPORTS_XR_DESIGNED_FOR_IPHONE_IPAD = NO;
				SWIFT_APPROACHABLE_CONCURRENCY = YES;
				SWIFT_EMIT_LOC_STRINGS = NO;
				SWIFT_UPCOMING_FEATURE_MEMBER_IMPORT_VISIBILITY = YES;
				SWIFT_VERSION = 5.0;
				TARGETED_DEVICE_FAMILY = "1,2";
				TEST_HOST = "$(BUILT_PRODUCTS_DIR)/BedSolution.app/$(BUNDLE_EXECUTABLE_FOLDER_PATH)/BedSolution";
			};
			name = Release;
		};
		7A8DEE6A2E2A6B120011DCE1 /* Debug */ = {
			isa = XCBuildConfiguration;
			buildSettings = {
				ALWAYS_SEARCH_USER_PATHS = NO;
				ASSETCATALOG_COMPILER_GENERATE_SWIFT_ASSET_SYMBOL_EXTENSIONS = YES;
				CLANG_ANALYZER_NONNULL = YES;
				CLANG_ANALYZER_NUMBER_OBJECT_CONVERSION = YES_AGGRESSIVE;
				CLANG_CXX_LANGUAGE_STANDARD = "gnu++20";
				CLANG_ENABLE_MODULES = YES;
				CLANG_ENABLE_OBJC_ARC = YES;
				CLANG_ENABLE_OBJC_WEAK = YES;
				CLANG_WARN_BLOCK_CAPTURE_AUTORELEASING = YES;
				CLANG_WARN_BOOL_CONVERSION = YES;
				CLANG_WARN_COMMA = YES;
				CLANG_WARN_CONSTANT_CONVERSION = YES;
				CLANG_WARN_DEPRECATED_OBJC_IMPLEMENTATIONS = YES;
				CLANG_WARN_DIRECT_OBJC_ISA_USAGE = YES_ERROR;
				CLANG_WARN_DOCUMENTATION_COMMENTS = YES;
				CLANG_WARN_EMPTY_BODY = YES;
				CLANG_WARN_ENUM_CONVERSION = YES;
				CLANG_WARN_INFINITE_RECURSION = YES;
				CLANG_WARN_INT_CONVERSION = YES;
				CLANG_WARN_NON_LITERAL_NULL_CONVERSION = YES;
				CLANG_WARN_OBJC_IMPLICIT_RETAIN_SELF = YES;
				CLANG_WARN_OBJC_LITERAL_CONVERSION = YES;
				CLANG_WARN_OBJC_ROOT_CLASS = YES_ERROR;
				CLANG_WARN_QUOTED_INCLUDE_IN_FRAMEWORK_HEADER = YES;
				CLANG_WARN_RANGE_LOOP_ANALYSIS = YES;
				CLANG_WARN_STRICT_PROTOTYPES = YES;
				CLANG_WARN_SUSPICIOUS_MOVE = YES;
				CLANG_WARN_UNGUARDED_AVAILABILITY = YES_AGGRESSIVE;
				CLANG_WARN_UNREACHABLE_CODE = YES;
				CLANG_WARN__DUPLICATE_METHOD_MATCH = YES;
				COPY_PHASE_STRIP = NO;
				DEBUG_INFORMATION_FORMAT = dwarf;
				DEVELOPMENT_TEAM = 88DQM3PTQR;
				ENABLE_STRICT_OBJC_MSGSEND = YES;
				ENABLE_TESTABILITY = YES;
				ENABLE_USER_SCRIPT_SANDBOXING = YES;
				GCC_C_LANGUAGE_STANDARD = gnu17;
				GCC_DYNAMIC_NO_PIC = NO;
				GCC_NO_COMMON_BLOCKS = YES;
				GCC_OPTIMIZATION_LEVEL = 0;
				GCC_PREPROCESSOR_DEFINITIONS = (
					"DEBUG=1",
					"$(inherited)",
				);
				GCC_WARN_64_TO_32_BIT_CONVERSION = YES;
				GCC_WARN_ABOUT_RETURN_TYPE = YES_ERROR;
				GCC_WARN_UNDECLARED_SELECTOR = YES;
				GCC_WARN_UNINITIALIZED_AUTOS = YES_AGGRESSIVE;
				GCC_WARN_UNUSED_FUNCTION = YES;
				GCC_WARN_UNUSED_VARIABLE = YES;
				IPHONEOS_DEPLOYMENT_TARGET = 26.0;
				LOCALIZATION_PREFERS_STRING_CATALOGS = YES;
				MTL_ENABLE_DEBUG_INFO = INCLUDE_SOURCE;
				MTL_FAST_MATH = YES;
				ONLY_ACTIVE_ARCH = YES;
				SDKROOT = iphoneos;
				STRING_CATALOG_GENERATE_SYMBOLS = YES;
				SWIFT_ACTIVE_COMPILATION_CONDITIONS = "DEBUG $(inherited)";
				SWIFT_OPTIMIZATION_LEVEL = "-Onone";
			};
			name = Debug;
		};
		7A8DEE6B2E2A6B120011DCE1 /* Release */ = {
			isa = XCBuildConfiguration;
			buildSettings = {
				ALWAYS_SEARCH_USER_PATHS = NO;
				ASSETCATALOG_COMPILER_GENERATE_SWIFT_ASSET_SYMBOL_EXTENSIONS = YES;
				CLANG_ANALYZER_NONNULL = YES;
				CLANG_ANALYZER_NUMBER_OBJECT_CONVERSION = YES_AGGRESSIVE;
				CLANG_CXX_LANGUAGE_STANDARD = "gnu++20";
				CLANG_ENABLE_MODULES = YES;
				CLANG_ENABLE_OBJC_ARC = YES;
				CLANG_ENABLE_OBJC_WEAK = YES;
				CLANG_WARN_BLOCK_CAPTURE_AUTORELEASING = YES;
				CLANG_WARN_BOOL_CONVERSION = YES;
				CLANG_WARN_COMMA = YES;
				CLANG_WARN_CONSTANT_CONVERSION = YES;
				CLANG_WARN_DEPRECATED_OBJC_IMPLEMENTATIONS = YES;
				CLANG_WARN_DIRECT_OBJC_ISA_USAGE = YES_ERROR;
				CLANG_WARN_DOCUMENTATION_COMMENTS = YES;
				CLANG_WARN_EMPTY_BODY = YES;
				CLANG_WARN_ENUM_CONVERSION = YES;
				CLANG_WARN_INFINITE_RECURSION = YES;
				CLANG_WARN_INT_CONVERSION = YES;
				CLANG_WARN_NON_LITERAL_NULL_CONVERSION = YES;
				CLANG_WARN_OBJC_IMPLICIT_RETAIN_SELF = YES;
				CLANG_WARN_OBJC_LITERAL_CONVERSION = YES;
				CLANG_WARN_OBJC_ROOT_CLASS = YES_ERROR;
				CLANG_WARN_QUOTED_INCLUDE_IN_FRAMEWORK_HEADER = YES;
				CLANG_WARN_RANGE_LOOP_ANALYSIS = YES;
				CLANG_WARN_STRICT_PROTOTYPES = YES;
				CLANG_WARN_SUSPICIOUS_MOVE = YES;
				CLANG_WARN_UNGUARDED_AVAILABILITY = YES_AGGRESSIVE;
				CLANG_WARN_UNREACHABLE_CODE = YES;
				CLANG_WARN__DUPLICATE_METHOD_MATCH = YES;
				COPY_PHASE_STRIP = NO;
				DEBUG_INFORMATION_FORMAT = "dwarf-with-dsym";
				DEVELOPMENT_TEAM = 88DQM3PTQR;
				ENABLE_NS_ASSERTIONS = NO;
				ENABLE_STRICT_OBJC_MSGSEND = YES;
				ENABLE_USER_SCRIPT_SANDBOXING = YES;
				GCC_C_LANGUAGE_STANDARD = gnu17;
				GCC_NO_COMMON_BLOCKS = YES;
				GCC_WARN_64_TO_32_BIT_CONVERSION = YES;
				GCC_WARN_ABOUT_RETURN_TYPE = YES_ERROR;
				GCC_WARN_UNDECLARED_SELECTOR = YES;
				GCC_WARN_UNINITIALIZED_AUTOS = YES_AGGRESSIVE;
				GCC_WARN_UNUSED_FUNCTION = YES;
				GCC_WARN_UNUSED_VARIABLE = YES;
				IPHONEOS_DEPLOYMENT_TARGET = 26.0;
				LOCALIZATION_PREFERS_STRING_CATALOGS = YES;
				MTL_ENABLE_DEBUG_INFO = NO;
				MTL_FAST_MATH = YES;
				SDKROOT = iphoneos;
				STRING_CATALOG_GENERATE_SYMBOLS = YES;
				SWIFT_COMPILATION_MODE = wholemodule;
				VALIDATE_PRODUCT = YES;
			};
			name = Release;
		};
		7A8DEE6D2E2A6B120011DCE1 /* Debug */ = {
			isa = XCBuildConfiguration;
			baseConfigurationReferenceAnchor = 7A8DEE632E2A6B120011DCE1 /* BedSolution */;
			baseConfigurationReferenceRelativePath = Shared/APIConfig.xcconfig;
			buildSettings = {
				ASSETCATALOG_COMPILER_APPICON_NAME = BedSolutionIcon;
				ASSETCATALOG_COMPILER_GLOBAL_ACCENT_COLOR_NAME = AccentColor;
				ASSETCATALOG_COMPILER_INCLUDE_ALL_APPICON_ASSETS = NO;
				CODE_SIGN_ENTITLEMENTS = BedSolution/BedSolution.entitlements;
				CODE_SIGN_STYLE = Automatic;
				CURRENT_PROJECT_VERSION = 1;
				DEVELOPMENT_TEAM = 88DQM3PTQR;
				ENABLE_PREVIEWS = YES;
				GENERATE_INFOPLIST_FILE = YES;
				INFOPLIST_FILE = BedSolution/Info.plist;
				INFOPLIST_KEY_UIApplicationSceneManifest_Generation = YES;
				INFOPLIST_KEY_UIApplicationSupportsIndirectInputEvents = YES;
				INFOPLIST_KEY_UILaunchScreen_Generation = YES;
				INFOPLIST_KEY_UISupportedInterfaceOrientations_iPad = "UIInterfaceOrientationPortrait UIInterfaceOrientationPortraitUpsideDown UIInterfaceOrientationLandscapeLeft UIInterfaceOrientationLandscapeRight";
				INFOPLIST_KEY_UISupportedInterfaceOrientations_iPhone = "UIInterfaceOrientationPortrait UIInterfaceOrientationLandscapeLeft UIInterfaceOrientationLandscapeRight";
				IPHONEOS_DEPLOYMENT_TARGET = 18.6;
				LD_RUNPATH_SEARCH_PATHS = (
					"$(inherited)",
					"@executable_path/Frameworks",
				);
				MARKETING_VERSION = 1.0;
				PRODUCT_BUNDLE_IDENTIFIER = com.github.iOTCapstoneDesign.BedSolution;
				PRODUCT_NAME = "$(TARGET_NAME)";
				STRING_CATALOG_GENERATE_SYMBOLS = YES;
				SWIFT_DEFAULT_ACTOR_ISOLATION = MainActor;
				SWIFT_EMIT_LOC_STRINGS = YES;
				SWIFT_UPCOMING_FEATURE_MEMBER_IMPORT_VISIBILITY = YES;
				SWIFT_VERSION = 5.0;
				TARGETED_DEVICE_FAMILY = "1,2";
			};
			name = Debug;
		};
		7A8DEE6E2E2A6B120011DCE1 /* Release */ = {
			isa = XCBuildConfiguration;
			baseConfigurationReferenceAnchor = 7A8DEE632E2A6B120011DCE1 /* BedSolution */;
			baseConfigurationReferenceRelativePath = Shared/APIConfig.xcconfig;
			buildSettings = {
				ASSETCATALOG_COMPILER_APPICON_NAME = BedSolutionIcon;
				ASSETCATALOG_COMPILER_GLOBAL_ACCENT_COLOR_NAME = AccentColor;
				ASSETCATALOG_COMPILER_INCLUDE_ALL_APPICON_ASSETS = NO;
				CODE_SIGN_ENTITLEMENTS = BedSolution/BedSolution.entitlements;
				CODE_SIGN_STYLE = Automatic;
				CURRENT_PROJECT_VERSION = 1;
				DEVELOPMENT_TEAM = 88DQM3PTQR;
				ENABLE_PREVIEWS = YES;
				GENERATE_INFOPLIST_FILE = YES;
				INFOPLIST_FILE = BedSolution/Info.plist;
				INFOPLIST_KEY_UIApplicationSceneManifest_Generation = YES;
				INFOPLIST_KEY_UIApplicationSupportsIndirectInputEvents = YES;
				INFOPLIST_KEY_UILaunchScreen_Generation = YES;
				INFOPLIST_KEY_UISupportedInterfaceOrientations_iPad = "UIInterfaceOrientationPortrait UIInterfaceOrientationPortraitUpsideDown UIInterfaceOrientationLandscapeLeft UIInterfaceOrientationLandscapeRight";
				INFOPLIST_KEY_UISupportedInterfaceOrientations_iPhone = "UIInterfaceOrientationPortrait UIInterfaceOrientationLandscapeLeft UIInterfaceOrientationLandscapeRight";
				IPHONEOS_DEPLOYMENT_TARGET = 18.6;
				LD_RUNPATH_SEARCH_PATHS = (
					"$(inherited)",
					"@executable_path/Frameworks",
				);
				MARKETING_VERSION = 1.0;
				PRODUCT_BUNDLE_IDENTIFIER = com.github.iOTCapstoneDesign.BedSolution;
				PRODUCT_NAME = "$(TARGET_NAME)";
				STRING_CATALOG_GENERATE_SYMBOLS = YES;
				SWIFT_DEFAULT_ACTOR_ISOLATION = MainActor;
				SWIFT_EMIT_LOC_STRINGS = YES;
				SWIFT_UPCOMING_FEATURE_MEMBER_IMPORT_VISIBILITY = YES;
				SWIFT_VERSION = 5.0;
				TARGETED_DEVICE_FAMILY = "1,2";
			};
			name = Release;
		};
/* End XCBuildConfiguration section */

/* Begin XCConfigurationList section */
		7A2B2F4D2E3DF31300F3C6C2 /* Build configuration list for PBXNativeTarget "BedSolutionTests" */ = {
			isa = XCConfigurationList;
			buildConfigurations = (
				7A2B2F4E2E3DF31300F3C6C2 /* Debug */,
				7A2B2F4F2E3DF31300F3C6C2 /* Release */,
			);
			defaultConfigurationIsVisible = 0;
			defaultConfigurationName = Release;
		};
		7A8DEE5C2E2A6B120011DCE1 /* Build configuration list for PBXProject "BedSolution" */ = {
			isa = XCConfigurationList;
			buildConfigurations = (
				7A8DEE6A2E2A6B120011DCE1 /* Debug */,
				7A8DEE6B2E2A6B120011DCE1 /* Release */,
			);
			defaultConfigurationIsVisible = 0;
			defaultConfigurationName = Release;
		};
		7A8DEE6C2E2A6B120011DCE1 /* Build configuration list for PBXNativeTarget "BedSolution" */ = {
			isa = XCConfigurationList;
			buildConfigurations = (
				7A8DEE6D2E2A6B120011DCE1 /* Debug */,
				7A8DEE6E2E2A6B120011DCE1 /* Release */,
			);
			defaultConfigurationIsVisible = 0;
			defaultConfigurationName = Release;
		};
/* End XCConfigurationList section */

/* Begin XCRemoteSwiftPackageReference section */
		7A080FD32E378A400038CF0F /* XCRemoteSwiftPackageReference "supabase-swift" */ = {
			isa = XCRemoteSwiftPackageReference;
			repositoryURL = "https://github.com/supabase/supabase-swift.git";
			requirement = {
				kind = exactVersion;
				version = 2.31.2;
			};
		};
		7A2EE7A82E379098006F5FC9 /* XCRemoteSwiftPackageReference "swift-log" */ = {
			isa = XCRemoteSwiftPackageReference;
			repositoryURL = "https://github.com/apple/swift-log";
			requirement = {
				kind = upToNextMajorVersion;
				minimumVersion = 1.6.4;
			};
		};
/* End XCRemoteSwiftPackageReference section */

/* Begin XCSwiftPackageProductDependency section */
		7A080FD42E378A400038CF0F /* Auth */ = {
			isa = XCSwiftPackageProductDependency;
			package = 7A080FD32E378A400038CF0F /* XCRemoteSwiftPackageReference "supabase-swift" */;
			productName = Auth;
		};
		7A080FD62E378A400038CF0F /* PostgREST */ = {
			isa = XCSwiftPackageProductDependency;
			package = 7A080FD32E378A400038CF0F /* XCRemoteSwiftPackageReference "supabase-swift" */;
			productName = PostgREST;
		};
		7A080FD82E378A400038CF0F /* Realtime */ = {
			isa = XCSwiftPackageProductDependency;
			package = 7A080FD32E378A400038CF0F /* XCRemoteSwiftPackageReference "supabase-swift" */;
			productName = Realtime;
		};
		7A2EE7A92E379098006F5FC9 /* Logging */ = {
			isa = XCSwiftPackageProductDependency;
			package = 7A2EE7A82E379098006F5FC9 /* XCRemoteSwiftPackageReference "swift-log" */;
			productName = Logging;
		};
		7A2EE7AC2E37917A006F5FC9 /* Supabase */ = {
			isa = XCSwiftPackageProductDependency;
			package = 7A080FD32E378A400038CF0F /* XCRemoteSwiftPackageReference "supabase-swift" */;
			productName = Supabase;
		};
/* End XCSwiftPackageProductDependency section */
	};
	rootObject = 7A8DEE592E2A6B120011DCE1 /* Project object */;
}
